github.com/davecgh/go-spew v1.1.1 h1:vj9j/u1bqnvCEfJOwUhtlOARqs3+rkHYY13jYWTU97c=
github.com/davecgh/go-spew v1.1.1/go.mod h1:J7Y8YcW2NihsgmVo/mv3lAwl/skON4iLHjSsI+c5H38=
github.com/npillmayer/gotype v0.0.0-20201204061902-df8e6285672b h1:iHM+ocj+dCj5Dbm4iTtYYgrmO3EJzIkQn7LWstsJjuQ=
github.com/npillmayer/gotype v0.0.0-20201204061902-df8e6285672b/go.mod h1:jm4sKGTCR4s92km7y8iLZTO2qtwe15lW0xaQTWItjc4=
